# This file was autogenerated by Stack.
# You should not edit this file by hand.
# For more information, please see the documentation at:
#   https://docs.haskellstack.org/en/stable/lock_files

packages:
- completed:
    hackage: clustering-0.4.1@sha256:78d8e077f27526ff03b3879d951e09e040ca7dc23dd0e6044970be9d40ea37e2,2066
    pantry-tree:
      sha256: d9bc3fe969d648977c10310784700eb88966b14a3088c4cdfd4178f297c17678
      size: 1180
  original:
    hackage: clustering-0.4.1
- completed:
    hackage: Chart-cairo-1.9@sha256:82875639be230c9406dbea650647b2dc94b11060160d6dad2c98551bb23d544f,877
    pantry-tree:
      sha256: 3eef9a2fdb682a95f5a60e66258d5b6036e9b8c19a7260f626ddda2d30113055
      size: 238
  original:
    hackage: Chart-cairo-1.9
snapshots:
- completed:
    sha256: 85d2382958c178491d3fe50d770a624621f5ab456beef7d31ac7521f780c9bc7
    size: 640042
    url: https://raw.githubusercontent.com/commercialhaskell/stackage-snapshots/master/lts/21/17.yaml
  original:
    url: https://raw.githubusercontent.com/commercialhaskell/stackage-snapshots/master/lts/21/17.yaml
